
Microsoft Visual Studio Solution File, Format Version 12.00
Project("{FAE04EC0-301F-11D3-BF4B-00C04F79EFBC}") = "TrackWallet", "TrackWallet\TrackWallet.csproj", "{4E9D2A8E-4DAB-4848-A2A9-E9DC3A7A04B1}"
EndProject
Project("{FAE04EC0-301F-11D3-BF4B-00C04F79EFBC}") = "TrackWallet.Models", "TrackWallet.Models\TrackWallet.Models.csproj", "{375DC54B-2642-4CCB-AF22-E7C9ABCD12A2}"
EndProject
Global
	GlobalSection(SolutionConfigurationPlatforms) = preSolution
		Debug|Any CPU = Debug|Any CPU
		Release|Any CPU = Release|Any CPU
	EndGlobalSection
	GlobalSection(ProjectConfigurationPlatforms) = postSolution
		{4E9D2A8E-4DAB-4848-A2A9-E9DC3A7A04B1}.Debug|Any CPU.ActiveCfg = Debug|Any CPU
		{4E9D2A8E-4DAB-4848-A2A9-E9DC3A7A04B1}.Debug|Any CPU.Build.0 = Debug|Any CPU
		{4E9D2A8E-4DAB-4848-A2A9-E9DC3A7A04B1}.Release|Any CPU.ActiveCfg = Release|Any CPU
		{4E9D2A8E-4DAB-4848-A2A9-E9DC3A7A04B1}.Release|Any CPU.Build.0 = Release|Any CPU
		{375DC54B-2642-4CCB-AF22-E7C9ABCD12A2}.Debug|Any CPU.ActiveCfg = Debug|Any CPU
		{375DC54B-2642-4CCB-AF22-E7C9ABCD12A2}.Debug|Any CPU.Build.0 = Debug|Any CPU
		{375DC54B-2642-4CCB-AF22-E7C9ABCD12A2}.Release|Any CPU.ActiveCfg = Release|Any CPU
		{375DC54B-2642-4CCB-AF22-E7C9ABCD12A2}.Release|Any CPU.Build.0 = Release|Any CPU
	EndGlobalSection
EndGlobal
